// !$*UTF8*$!
{
	archiveVersion = 1;
	classes = {
	};
	objectVersion = 55;
	objects = {

/* Begin PBXBuildFile section */
		4738813727BE8F45008C99FF /* UI_469App.swift in Sources */ = {isa = PBXBuildFile; fileRef = 4738813627BE8F45008C99FF /* UI_469App.swift */; };
		4738813927BE8F45008C99FF /* ContentView.swift in Sources */ = {isa = PBXBuildFile; fileRef = 4738813827BE8F45008C99FF /* ContentView.swift */; };
		4738813B27BE8F45008C99FF /* Assets.xcassets in Resources */ = {isa = PBXBuildFile; fileRef = 4738813A27BE8F45008C99FF /* Assets.xcassets */; };
		4738813E27BE8F45008C99FF /* Preview Assets.xcassets in Resources */ = {isa = PBXBuildFile; fileRef = 4738813D27BE8F45008C99FF /* Preview Assets.xcassets */; };
		4738814827BE8F46008C99FF /* UI_469Tests.swift in Sources */ = {isa = PBXBuildFile; fileRef = 4738814727BE8F46008C99FF /* UI_469Tests.swift */; };
		4738815227BE8F46008C99FF /* UI_469UITests.swift in Sources */ = {isa = PBXBuildFile; fileRef = 4738815127BE8F46008C99FF /* UI_469UITests.swift */; };
		4738815427BE8F46008C99FF /* UI_469UITestsLaunchTests.swift in Sources */ = {isa = PBXBuildFile; fileRef = 4738815327BE8F46008C99FF /* UI_469UITestsLaunchTests.swift */; };
		4738816127BE8F52008C99FF /* Matrix Code NFI.ttf in Resources */ = {isa = PBXBuildFile; fileRef = 4738816027BE8F52008C99FF /* Matrix Code NFI.ttf */; };
		4738816627BE8FF6008C99FF /* MatrixRainView.swift in Sources */ = {isa = PBXBuildFile; fileRef = 4738816527BE8FF6008C99FF /* MatrixRainView.swift */; };
/* End PBXBuildFile section */

/* Begin PBXContainerItemProxy section */
		4738814427BE8F46008C99FF /* PBXContainerItemProxy */ = {
			isa = PBXContainerItemProxy;
			containerPortal = 4738812B27BE8F45008C99FF /* Project object */;
			proxyType = 1;
			remoteGlobalIDString = 4738813227BE8F45008C99FF;
			remoteInfo = "UI-469";
		};
		4738814E27BE8F46008C99FF /* PBXContainerItemProxy */ = {
			isa = PBXContainerItemProxy;
			containerPortal = 4738812B27BE8F45008C99FF /* Project object */;
			proxyType = 1;
			remoteGlobalIDString = 4738813227BE8F45008C99FF;
			remoteInfo = "UI-469";
		};
/* End PBXContainerItemProxy section */

/* Begin PBXFileReference section */
		4738813327BE8F45008C99FF /* UI-469.app */ = {isa = PBXFileReference; explicitFileType = wrapper.application; includeInIndex = 0; path = "UI-469.app"; sourceTree = BUILT_PRODUCTS_DIR; };
		4738813627BE8F45008C99FF /* UI_469App.swift */ = {isa = PBXFileReference; lastKnownFileType = sourcecode.swift; path = UI_469App.swift; sourceTree = "<group>"; };
		4738813827BE8F45008C99FF /* ContentView.swift */ = {isa = PBXFileReference; lastKnownFileType = sourcecode.swift; path = ContentView.swift; sourceTree = "<group>"; };
		4738813A27BE8F45008C99FF /* Assets.xcassets */ = {isa = PBXFileReference; lastKnownFileType = folder.assetcatalog; path = Assets.xcassets; sourceTree = "<group>"; };
		4738813D27BE8F45008C99FF /* Preview Assets.xcassets */ = {isa = PBXFileReference; lastKnownFileType = folder.assetcatalog; path = "Preview Assets.xcassets"; sourceTree = "<group>"; };
		4738814327BE8F46008C99FF /* UI-469Tests.xctest */ = {isa = PBXFileReference; explicitFileType = wrapper.cfbundle; includeInIndex = 0; path = "UI-469Tests.xctest"; sourceTree = BUILT_PRODUCTS_DIR; };
		4738814727BE8F46008C99FF /* UI_469Tests.swift */ = {isa = PBXFileReference; lastKnownFileType = sourcecode.swift; path = UI_469Tests.swift; sourceTree = "<group>"; };
		4738814D27BE8F46008C99FF /* UI-469UITests.xctest */ = {isa = PBXFileReference; explicitFileType = wrapper.cfbundle; includeInIndex = 0; path = "UI-469UITests.xctest"; sourceTree = BUILT_PRODUCTS_DIR; };
		4738815127BE8F46008C99FF /* UI_469UITests.swift */ = {isa = PBXFileReference; lastKnownFileType = sourcecode.swift; path = UI_469UITests.swift; sourceTree = "<group>"; };
		4738815327BE8F46008C99FF /* UI_469UITestsLaunchTests.swift */ = {isa = PBXFileReference; lastKnownFileType = sourcecode.swift; path = UI_469UITestsLaunchTests.swift; sourceTree = "<group>"; };
		4738816027BE8F52008C99FF /* Matrix Code NFI.ttf */ = {isa = PBXFileReference; lastKnownFileType = file; path = "Matrix Code NFI.ttf"; sourceTree = "<group>"; };
		4738816227BE8F87008C99FF /* Info.plist */ = {isa = PBXFileReference; lastKnownFileType = text.plist; path = Info.plist; sourceTree = "<group>"; };
		4738816527BE8FF6008C99FF /* MatrixRainView.swift */ = {isa = PBXFileReference; lastKnownFileType = sourcecode.swift; path = MatrixRainView.swift; sourceTree = "<group>"; };
/* End PBXFileReference section */

/* Begin PBXFrameworksBuildPhase section */
		4738813027BE8F45008C99FF /* Frameworks */ = {
			isa = PBXFrameworksBuildPhase;
			buildActionMask = 2147483647;
			files = (
			);
			runOnlyForDeploymentPostprocessing = 0;
		};
		4738814027BE8F46008C99FF /* Frameworks */ = {
			isa = PBXFrameworksBuildPhase;
			buildActionMask = 2147483647;
			files = (
			);
			runOnlyForDeploymentPostprocessing = 0;
		};
		4738814A27BE8F46008C99FF /* Frameworks */ = {
			isa = PBXFrameworksBuildPhase;
			buildActionMask = 2147483647;
			files = (
			);
			runOnlyForDeploymentPostprocessing = 0;
		};
/* End PBXFrameworksBuildPhase section */

/* Begin PBXGroup section */
		4738812A27BE8F45008C99FF = {
			isa = PBXGroup;
			children = (
				4738813527BE8F45008C99FF /* UI-469 */,
				4738814627BE8F46008C99FF /* UI-469Tests */,
				4738815027BE8F46008C99FF /* UI-469UITests */,
				4738813427BE8F45008C99FF /* Products */,
			);
			sourceTree = "<group>";
		};
		4738813427BE8F45008C99FF /* Products */ = {
			isa = PBXGroup;
			children = (
				4738813327BE8F45008C99FF /* UI-469.app */,
				4738814327BE8F46008C99FF /* UI-469Tests.xctest */,
				4738814D27BE8F46008C99FF /* UI-469UITests.xctest */,
			);
			name = Products;
			sourceTree = "<group>";
		};
		4738813527BE8F45008C99FF /* UI-469 */ = {
			isa = PBXGroup;
			children = (
				4738816427BE8FEB008C99FF /* View */,
				4738816227BE8F87008C99FF /* Info.plist */,
				4738816027BE8F52008C99FF /* Matrix Code NFI.ttf */,
				4738813627BE8F45008C99FF /* UI_469App.swift */,
				4738813827BE8F45008C99FF /* ContentView.swift */,
				4738813A27BE8F45008C99FF /* Assets.xcassets */,
				4738813C27BE8F45008C99FF /* Preview Content */,
			);
			path = "UI-469";
			sourceTree = "<group>";
		};
		4738813C27BE8F45008C99FF /* Preview Content */ = {
			isa = PBXGroup;
			children = (
				4738813D27BE8F45008C99FF /* Preview Assets.xcassets */,
			);
			path = "Preview Content";
			sourceTree = "<group>";
		};
		4738814627BE8F46008C99FF /* UI-469Tests */ = {
			isa = PBXGroup;
			children = (
				4738814727BE8F46008C99FF /* UI_469Tests.swift */,
			);
			path = "UI-469Tests";
			sourceTree = "<group>";
		};
		4738815027BE8F46008C99FF /* UI-469UITests */ = {
			isa = PBXGroup;
			children = (
				4738815127BE8F46008C99FF /* UI_469UITests.swift */,
				4738815327BE8F46008C99FF /* UI_469UITestsLaunchTests.swift */,
			);
			path = "UI-469UITests";
			sourceTree = "<group>";
		};
		4738816427BE8FEB008C99FF /* View */ = {
			isa = PBXGroup;
			children = (
				4738816527BE8FF6008C99FF /* MatrixRainView.swift */,
			);
			path = View;
			sourceTree = "<group>";
		};
/* End PBXGroup section */

/* Begin PBXNativeTarget section */
		4738813227BE8F45008C99FF /* UI-469 */ = {
			isa = PBXNativeTarget;
			buildConfigurationList = 4738815727BE8F46008C99FF /* Build configuration list for PBXNativeTarget "UI-469" */;
			buildPhases = (
				4738812F27BE8F45008C99FF /* Sources */,
				4738813027BE8F45008C99FF /* Frameworks */,
				4738813127BE8F45008C99FF /* Resources */,
			);
			buildRules = (
			);
			dependencies = (
			);
			name = "UI-469";
			productName = "UI-469";
			productReference = 4738813327BE8F45008C99FF /* UI-469.app */;
			productType = "com.apple.product-type.application";
		};
		4738814227BE8F46008C99FF /* UI-469Tests */ = {
			isa = PBXNativeTarget;
			buildConfigurationList = 4738815A27BE8F46008C99FF /* Build configuration list for PBXNativeTarget "UI-469Tests" */;
			buildPhases = (
				4738813F27BE8F46008C99FF /* Sources */,
				4738814027BE8F46008C99FF /* Frameworks */,
				4738814127BE8F46008C99FF /* Resources */,
			);
			buildRules = (
			);
			dependencies = (
				4738814527BE8F46008C99FF /* PBXTargetDependency */,
			);
			name = "UI-469Tests";
			productName = "UI-469Tests";
			productReference = 4738814327BE8F46008C99FF /* UI-469Tests.xctest */;
			productType = "com.apple.product-type.bundle.unit-test";
		};
		4738814C27BE8F46008C99FF /* UI-469UITests */ = {
			isa = PBXNativeTarget;
			buildConfigurationList = 4738815D27BE8F46008C99FF /* Build configuration list for PBXNativeTarget "UI-469UITests" */;
			buildPhases = (
				4738814927BE8F46008C99FF /* Sources */,
				4738814A27BE8F46008C99FF /* Frameworks */,
				4738814B27BE8F46008C99FF /* Resources */,
			);
			buildRules = (
			);
			dependencies = (
				4738814F27BE8F46008C99FF /* PBXTargetDependency */,
			);
			name = "UI-469UITests";
			productName = "UI-469UITests";
			productReference = 4738814D27BE8F46008C99FF /* UI-469UITests.xctest */;
			productType = "com.apple.product-type.bundle.ui-testing";
		};
/* End PBXNativeTarget section */

/* Begin PBXProject section */
		4738812B27BE8F45008C99FF /* Project object */ = {
			isa = PBXProject;
			attributes = {
				BuildIndependentTargetsInParallel = 1;
				LastSwiftUpdateCheck = 1330;
				LastUpgradeCheck = 1330;
				TargetAttributes = {
					4738813227BE8F45008C99FF = {
						CreatedOnToolsVersion = 13.3;
					};
					4738814227BE8F46008C99FF = {
						CreatedOnToolsVersion = 13.3;
						TestTargetID = 4738813227BE8F45008C99FF;
					};
					4738814C27BE8F46008C99FF = {
						CreatedOnToolsVersion = 13.3;
						TestTargetID = 4738813227BE8F45008C99FF;
					};
				};
			};
			buildConfigurationList = 4738812E27BE8F45008C99FF /* Build configuration list for PBXProject "UI-469" */;
			compatibilityVersion = "Xcode 13.0";
			developmentRegion = en;
			hasScannedForEncodings = 0;
			knownRegions = (
				en,
				Base,
			);
			mainGroup = 4738812A27BE8F45008C99FF;
			productRefGroup = 4738813427BE8F45008C99FF /* Products */;
			projectDirPath = "";
			projectRoot = "";
			targets = (
				4738813227BE8F45008C99FF /* UI-469 */,
				4738814227BE8F46008C99FF /* UI-469Tests */,
				4738814C27BE8F46008C99FF /* UI-469UITests */,
			);
		};
/* End PBXProject section */

/* Begin PBXResourcesBuildPhase section */
		4738813127BE8F45008C99FF /* Resources */ = {
			isa = PBXResourcesBuildPhase;
			buildActionMask = 2147483647;
			files = (
				4738813E27BE8F45008C99FF /* Preview Assets.xcassets in Resources */,
				4738813B27BE8F45008C99FF /* Assets.xcassets in Resources */,
				4738816127BE8F52008C99FF /* Matrix Code NFI.ttf in Resources */,
			);
			runOnlyForDeploymentPostprocessing = 0;
		};
		4738814127BE8F46008C99FF /* Resources */ = {
			isa = PBXResourcesBuildPhase;
			buildActionMask = 2147483647;
			files = (
			);
			runOnlyForDeploymentPostprocessing = 0;
		};
		4738814B27BE8F46008C99FF /* Resources */ = {
			isa = PBXResourcesBuildPhase;
			buildActionMask = 2147483647;
			files = (
			);
			runOnlyForDeploymentPostprocessing = 0;
		};
/* End PBXResourcesBuildPhase section */

/* Begin PBXSourcesBuildPhase section */
		4738812F27BE8F45008C99FF /* Sources */ = {
			isa = PBXSourcesBuildPhase;
			buildActionMask = 2147483647;
			files = (
				4738813927BE8F45008C99FF /* ContentView.swift in Sources */,
				4738813727BE8F45008C99FF /* UI_469App.swift in Sources */,
				4738816627BE8FF6008C99FF /* MatrixRainView.swift in Sources */,
			);
			runOnlyForDeploymentPostprocessing = 0;
		};
		4738813F27BE8F46008C99FF /* Sources */ = {
			isa = PBXSourcesBuildPhase;
			buildActionMask = 2147483647;
			files = (
				4738814827BE8F46008C99FF /* UI_469Tests.swift in Sources */,
			);
			runOnlyForDeploymentPostprocessing = 0;
		};
		4738814927BE8F46008C99FF /* Sources */ = {
			isa = PBXSourcesBuildPhase;
			buildActionMask = 2147483647;
			files = (
				4738815427BE8F46008C99FF /* UI_469UITestsLaunchTests.swift in Sources */,
				4738815227BE8F46008C99FF /* UI_469UITests.swift in Sources */,
			);
			runOnlyForDeploymentPostprocessing = 0;
		};
/* End PBXSourcesBuildPhase section */

/* Begin PBXTargetDependency section */
		4738814527BE8F46008C99FF /* PBXTargetDependency */ = {
			isa = PBXTargetDependency;
			target = 4738813227BE8F45008C99FF /* UI-469 */;
			targetProxy = 4738814427BE8F46008C99FF /* PBXContainerItemProxy */;
		};
		4738814F27BE8F46008C99FF /* PBXTargetDependency */ = {
			isa = PBXTargetDependency;
			target = 4738813227BE8F45008C99FF /* UI-469 */;
			targetProxy = 4738814E27BE8F46008C99FF /* PBXContainerItemProxy */;
		};
/* End PBXTargetDependency section */

/* Begin XCBuildConfiguration section */
		4738815527BE8F46008C99FF /* Debug */ = {
			isa = XCBuildConfiguration;
			buildSettings = {
				ALWAYS_SEARCH_USER_PATHS = NO;
				CLANG_ANALYZER_NONNULL = YES;
				CLANG_ANALYZER_NUMBER_OBJECT_CONVERSION = YES_AGGRESSIVE;
				CLANG_CXX_LANGUAGE_STANDARD = "gnu++17";
				CLANG_ENABLE_MODULES = YES;
				CLANG_ENABLE_OBJC_ARC = YES;
				CLANG_ENABLE_OBJC_WEAK = YES;
				CLANG_WARN_BLOCK_CAPTURE_AUTORELEASING = YES;
				CLANG_WARN_BOOL_CONVERSION = YES;
				CLANG_WARN_COMMA = YES;
				CLANG_WARN_CONSTANT_CONVERSION = YES;
				CLANG_WARN_DEPRECATED_OBJC_IMPLEMENTATIONS = YES;
				CLANG_WARN_DIRECT_OBJC_ISA_USAGE = YES_ERROR;
				CLANG_WARN_DOCUMENTATION_COMMENTS = YES;
				CLANG_WARN_EMPTY_BODY = YES;
				CLANG_WARN_ENUM_CONVERSION = YES;
				CLANG_WARN_INFINITE_RECURSION = YES;
				CLANG_WARN_INT_CONVERSION = YES;
				CLANG_WARN_NON_LITERAL_NULL_CONVERSION = YES;
				CLANG_WARN_OBJC_IMPLICIT_RETAIN_SELF = YES;
				CLANG_WARN_OBJC_LITERAL_CONVERSION = YES;
				CLANG_WARN_OBJC_ROOT_CLASS = YES_ERROR;
				CLANG_WARN_QUOTED_INCLUDE_IN_FRAMEWORK_HEADER = YES;
				CLANG_WARN_RANGE_LOOP_ANALYSIS = YES;
				CLANG_WARN_STRICT_PROTOTYPES = YES;
				CLANG_WARN_SUSPICIOUS_MOVE = YES;
				CLANG_WARN_UNGUARDED_AVAILABILITY = YES_AGGRESSIVE;
				CLANG_WARN_UNREACHABLE_CODE = YES;
				CLANG_WARN__DUPLICATE_METHOD_MATCH = YES;
				COPY_PHASE_STRIP = NO;
				DEBUG_INFORMATION_FORMAT = dwarf;
				ENABLE_STRICT_OBJC_MSGSEND = YES;
				ENABLE_TESTABILITY = YES;
				GCC_C_LANGUAGE_STANDARD = gnu11;
				GCC_DYNAMIC_NO_PIC = NO;
				GCC_NO_COMMON_BLOCKS = YES;
				GCC_OPTIMIZATION_LEVEL = 0;
				GCC_PREPROCESSOR_DEFINITIONS = (
					"DEBUG=1",
					"$(inherited)",
				);
				GCC_WARN_64_TO_32_BIT_CONVERSION = YES;
				GCC_WARN_ABOUT_RETURN_TYPE = YES_ERROR;
				GCC_WARN_UNDECLARED_SELECTOR = YES;
				GCC_WARN_UNINITIALIZED_AUTOS = YES_AGGRESSIVE;
				GCC_WARN_UNUSED_FUNCTION = YES;
				GCC_WARN_UNUSED_VARIABLE = YES;
				IPHONEOS_DEPLOYMENT_TARGET = 15.4;
				MTL_ENABLE_DEBUG_INFO = INCLUDE_SOURCE;
				MTL_FAST_MATH = YES;
				ONLY_ACTIVE_ARCH = YES;
				SDKROOT = iphoneos;
				SWIFT_ACTIVE_COMPILATION_CONDITIONS = DEBUG;
				SWIFT_OPTIMIZATION_LEVEL = "-Onone";
			};
			name = Debug;
		};
		4738815627BE8F46008C99FF /* Release */ = {
			isa = XCBuildConfiguration;
			buildSettings = {
				ALWAYS_SEARCH_USER_PATHS = NO;
				CLANG_ANALYZER_NONNULL = YES;
				CLANG_ANALYZER_NUMBER_OBJECT_CONVERSION = YES_AGGRESSIVE;
				CLANG_CXX_LANGUAGE_STANDARD = "gnu++17";
				CLANG_ENABLE_MODULES = YES;
				CLANG_ENABLE_OBJC_ARC = YES;
				CLANG_ENABLE_OBJC_WEAK = YES;
				CLANG_WARN_BLOCK_CAPTURE_AUTORELEASING = YES;
				CLANG_WARN_BOOL_CONVERSION = YES;
				CLANG_WARN_COMMA = YES;
				CLANG_WARN_CONSTANT_CONVERSION = YES;
				CLANG_WARN_DEPRECATED_OBJC_IMPLEMENTATIONS = YES;
				CLANG_WARN_DIRECT_OBJC_ISA_USAGE = YES_ERROR;
				CLANG_WARN_DOCUMENTATION_COMMENTS = YES;
				CLANG_WARN_EMPTY_BODY = YES;
				CLANG_WARN_ENUM_CONVERSION = YES;
				CLANG_WARN_INFINITE_RECURSION = YES;
				CLANG_WARN_INT_CONVERSION = YES;
				CLANG_WARN_NON_LITERAL_NULL_CONVERSION = YES;
				CLANG_WARN_OBJC_IMPLICIT_RETAIN_SELF = YES;
				CLANG_WARN_OBJC_LITERAL_CONVERSION = YES;
				CLANG_WARN_OBJC_ROOT_CLASS = YES_ERROR;
				CLANG_WARN_QUOTED_INCLUDE_IN_FRAMEWORK_HEADER = YES;
				CLANG_WARN_RANGE_LOOP_ANALYSIS = YES;
				CLANG_WARN_STRICT_PROTOTYPES = YES;
				CLANG_WARN_SUSPICIOUS_MOVE = YES;
				CLANG_WARN_UNGUARDED_AVAILABILITY = YES_AGGRESSIVE;
				CLANG_WARN_UNREACHABLE_CODE = YES;
				CLANG_WARN__DUPLICATE_METHOD_MATCH = YES;
				COPY_PHASE_STRIP = NO;
				DEBUG_INFORMATION_FORMAT = "dwarf-with-dsym";
				ENABLE_NS_ASSERTIONS = NO;
				ENABLE_STRICT_OBJC_MSGSEND = YES;
				GCC_C_LANGUAGE_STANDARD = gnu11;
				GCC_NO_COMMON_BLOCKS = YES;
				GCC_WARN_64_TO_32_BIT_CONVERSION = YES;
				GCC_WARN_ABOUT_RETURN_TYPE = YES_ERROR;
				GCC_WARN_UNDECLARED_SELECTOR = YES;
				GCC_WARN_UNINITIALIZED_AUTOS = YES_AGGRESSIVE;
				GCC_WARN_UNUSED_FUNCTION = YES;
				GCC_WARN_UNUSED_VARIABLE = YES;
				IPHONEOS_DEPLOYMENT_TARGET = 15.4;
				MTL_ENABLE_DEBUG_INFO = NO;
				MTL_FAST_MATH = YES;
				SDKROOT = iphoneos;
				SWIFT_COMPILATION_MODE = wholemodule;
				SWIFT_OPTIMIZATION_LEVEL = "-O";
				VALIDATE_PRODUCT = YES;
			};
			name = Release;
		};
		4738815827BE8F46008C99FF /* Debug */ = {
			isa = XCBuildConfiguration;
			buildSettings = {
				ASSETCATALOG_COMPILER_APPICON_NAME = AppIcon;
				ASSETCATALOG_COMPILER_GLOBAL_ACCENT_COLOR_NAME = AccentColor;
				CODE_SIGN_STYLE = Automatic;
				CURRENT_PROJECT_VERSION = 1;
				DEVELOPMENT_ASSET_PATHS = "\"UI-469/Preview Content\"";
				DEVELOPMENT_TEAM = 8CL4U468K5;
				ENABLE_PREVIEWS = YES;
				GENERATE_INFOPLIST_FILE = YES;
				INFOPLIST_FILE = "UI-469/Info.plist";
				INFOPLIST_KEY_CFBundleDisplayName = "";
				INFOPLIST_KEY_LSApplicationCategoryType = "";
				INFOPLIST_KEY_NSHumanReadableCopyright = "";
				INFOPLIST_KEY_UIApplicationSceneManifest_Generation = YES;
				INFOPLIST_KEY_UIApplicationSupportsIndirectInputEvents = YES;
				INFOPLIST_KEY_UISupportedInterfaceOrientations_iPad = "UIInterfaceOrientationPortrait UIInterfaceOrientationPortraitUpsideDown UIInterfaceOrientationLandscapeLeft UIInterfaceOrientationLandscapeRight";
				INFOPLIST_KEY_UISupportedInterfaceOrientations_iPhone = "UIInterfaceOrientationPortrait UIInterfaceOrientationLandscapeLeft UIInterfaceOrientationLandscapeRight";
				LD_RUNPATH_SEARCH_PATHS = (
					"$(inherited)",
					"@executable_path/Frameworks",
				);
				MARKETING_VERSION = 1.0;
				PRODUCT_BUNDLE_IDENTIFIER = "com.585.UI-469";
				PRODUCT_NAME = "$(TARGET_NAME)";
				SWIFT_EMIT_LOC_STRINGS = YES;
				SWIFT_VERSION = 5.0;
				TARGETED_DEVICE_FAMILY = "1,2";
			};
			name = Debug;
		};
		4738815927BE8F46008C99FF /* Release */ = {
			isa = XCBuildConfiguration;
			buildSettings = {
				ASSETCATALOG_COMPILER_APPICON_NAME = AppIcon;
				ASSETCATALOG_COMPILER_GLOBAL_ACCENT_COLOR_NAME = AccentColor;
				CODE_SIGN_STYLE = Automatic;
				CURRENT_PROJECT_VERSION = 1;
				DEVELOPMENT_ASSET_PATHS = "\"UI-469/Preview Content\"";
				DEVELOPMENT_TEAM = 8CL4U468K5;
				ENABLE_PREVIEWS = YES;
				GENERATE_INFOPLIST_FILE = YES;
				INFOPLIST_FILE = "UI-469/Info.plist";
				INFOPLIST_KEY_CFBundleDisplayName = "";
				INFOPLIST_KEY_LSApplicationCategoryType = "";
				INFOPLIST_KEY_NSHumanReadableCopyright = "";
				INFOPLIST_KEY_UIApplicationSceneManifest_Generation = YES;
				INFOPLIST_KEY_UIApplicationSupportsIndirectInputEvents = YES;
				INFOPLIST_KEY_UISupportedInterfaceOrientations_iPad = "UIInterfaceOrientationPortrait UIInterfaceOrientationPortraitUpsideDown UIInterfaceOrientationLandscapeLeft UIInterfaceOrientationLandscapeRight";
				INFOPLIST_KEY_UISupportedInterfaceOrientations_iPhone = "UIInterfaceOrientationPortrait UIInterfaceOrientationLandscapeLeft UIInterfaceOrientationLandscapeRight";
				LD_RUNPATH_SEARCH_PATHS = (
					"$(inherited)",
					"@executable_path/Frameworks",
				);
				MARKETING_VERSION = 1.0;
				PRODUCT_BUNDLE_IDENTIFIER = "com.585.UI-469";
				PRODUCT_NAME = "$(TARGET_NAME)";
				SWIFT_EMIT_LOC_STRINGS = YES;
				SWIFT_VERSION = 5.0;
				TARGETED_DEVICE_FAMILY = "1,2";
			};
			name = Release;
		};
		4738815B27BE8F46008C99FF /* Debug */ = {
			isa = XCBuildConfiguration;
			buildSettings = {
				ALWAYS_EMBED_SWIFT_STANDARD_LIBRARIES = YES;
				BUNDLE_LOADER = "$(TEST_HOST)";
				CODE_SIGN_STYLE = Automatic;
				CURRENT_PROJECT_VERSION = 1;
				DEVELOPMENT_TEAM = 8CL4U468K5;
				GENERATE_INFOPLIST_FILE = YES;
				IPHONEOS_DEPLOYMENT_TARGET = 15.4;
				MARKETING_VERSION = 1.0;
				PRODUCT_BUNDLE_IDENTIFIER = "com.585.UI-469Tests";
				PRODUCT_NAME = "$(TARGET_NAME)";
				SWIFT_EMIT_LOC_STRINGS = NO;
				SWIFT_VERSION = 5.0;
				TARGETED_DEVICE_FAMILY = "1,2";
				TEST_HOST = "$(BUILT_PRODUCTS_DIR)/UI-469.app/UI-469";
			};
			name = Debug;
		};
		4738815C27BE8F46008C99FF /* Release */ = {
			isa = XCBuildConfiguration;
			buildSettings = {
				ALWAYS_EMBED_SWIFT_STANDARD_LIBRARIES = YES;
				BUNDLE_LOADER = "$(TEST_HOST)";
				CODE_SIGN_STYLE = Automatic;
				CURRENT_PROJECT_VERSION = 1;
				DEVELOPMENT_TEAM = 8CL4U468K5;
				GENERATE_INFOPLIST_FILE = YES;
				IPHONEOS_DEPLOYMENT_TARGET = 15.4;
				MARKETING_VERSION = 1.0;
				PRODUCT_BUNDLE_IDENTIFIER = "com.585.UI-469Tests";
				PRODUCT_NAME = "$(TARGET_NAME)";
				SWIFT_EMIT_LOC_STRINGS = NO;
				SWIFT_VERSION = 5.0;
				TARGETED_DEVICE_FAMILY = "1,2";
				TEST_HOST = "$(BUILT_PRODUCTS_DIR)/UI-469.app/UI-469";
			};
			name = Release;
		};
		4738815E27BE8F46008C99FF /* Debug */ = {
			isa = XCBuildConfiguration;
			buildSettings = {
				ALWAYS_EMBED_SWIFT_STANDARD_LIBRARIES = YES;
				CODE_SIGN_STYLE = Automatic;
				CURRENT_PROJECT_VERSION = 1;
				DEVELOPMENT_TEAM = 8CL4U468K5;
				GENERATE_INFOPLIST_FILE = YES;
				MARKETING_VERSION = 1.0;
				PRODUCT_BUNDLE_IDENTIFIER = "com.585.UI-469UITests";
				PRODUCT_NAME = "$(TARGET_NAME)";
				SWIFT_EMIT_LOC_STRINGS = NO;
				SWIFT_VERSION = 5.0;
				TARGETED_DEVICE_FAMILY = "1,2";
				TEST_TARGET_NAME = "UI-469";
			};
			name = Debug;
		};
		4738815F27BE8F46008C99FF /* Release */ = {
			isa = XCBuildConfiguration;
			buildSettings = {
				ALWAYS_EMBED_SWIFT_STANDARD_LIBRARIES = YES;
				CODE_SIGN_STYLE = Automatic;
				CURRENT_PROJECT_VERSION = 1;
				DEVELOPMENT_TEAM = 8CL4U468K5;
				GENERATE_INFOPLIST_FILE = YES;
				MARKETING_VERSION = 1.0;
				PRODUCT_BUNDLE_IDENTIFIER = "com.585.UI-469UITests";
				PRODUCT_NAME = "$(TARGET_NAME)";
				SWIFT_EMIT_LOC_STRINGS = NO;
				SWIFT_VERSION = 5.0;
				TARGETED_DEVICE_FAMILY = "1,2";
				TEST_TARGET_NAME = "UI-469";
			};
			name = Release;
		};
/* End XCBuildConfiguration section */

/* Begin XCConfigurationList section */
		4738812E27BE8F45008C99FF /* Build configuration list for PBXProject "UI-469" */ = {
			isa = XCConfigurationList;
			buildConfigurations = (
				4738815527BE8F46008C99FF /* Debug */,
				4738815627BE8F46008C99FF /* Release */,
			);
			defaultConfigurationIsVisible = 0;
			defaultConfigurationName = Release;
		};
		4738815727BE8F46008C99FF /* Build configuration list for PBXNativeTarget "UI-469" */ = {
			isa = XCConfigurationList;
			buildConfigurations = (
				4738815827BE8F46008C99FF /* Debug */,
				4738815927BE8F46008C99FF /* Release */,
			);
			defaultConfigurationIsVisible = 0;
			defaultConfigurationName = Release;
		};
		4738815A27BE8F46008C99FF /* Build configuration list for PBXNativeTarget "UI-469Tests" */ = {
			isa = XCConfigurationList;
			buildConfigurations = (
				4738815B27BE8F46008C99FF /* Debug */,
				4738815C27BE8F46008C99FF /* Release */,
			);
			defaultConfigurationIsVisible = 0;
			defaultConfigurationName = Release;
		};
		4738815D27BE8F46008C99FF /* Build configuration list for PBXNativeTarget "UI-469UITests" */ = {
			isa = XCConfigurationList;
			buildConfigurations = (
				4738815E27BE8F46008C99FF /* Debug */,
				4738815F27BE8F46008C99FF /* Release */,
			);
			defaultConfigurationIsVisible = 0;
			defaultConfigurationName = Release;
		};
/* End XCConfigurationList section */
	};
	rootObject = 4738812B27BE8F45008C99FF /* Project object */;
}
